
Microsoft Visual Studio Solution File, Format Version 12.00
# Visual Studio 15
VisualStudioVersion = 15.0.28306.52
MinimumVisualStudioVersion = 10.0.40219.1
Project("{9A19103F-16F7-4668-BE54-9A1E7A4F7556}") = "AutoUpdate.Core", "AutoUpdate.Core\AutoUpdate.Core.csproj", "{5C7975AE-D120-441F-968E-8150FE4F6C71}"
EndProject
Project("{2150E333-8FDC-42A3-9474-1A3956D46DE8}") = "Solution Items", "Solution Items", "{72D863C8-D986-47F8-9355-DBD5B24AC2EE}"
	ProjectSection(SolutionItems) = preProject
		.editorconfig = .editorconfig
	EndProjectSection
EndProject
Project("{2150E333-8FDC-42A3-9474-1A3956D46DE8}") = "Test", "Test", "{84E82588-C871-4AE0-954E-748D3D05BC91}"
EndProject
Global
	GlobalSection(SolutionConfigurationPlatforms) = preSolution
		Debug|Any CPU = Debug|Any CPU
		Release|Any CPU = Release|Any CPU
	EndGlobalSection
	GlobalSection(ProjectConfigurationPlatforms) = postSolution
		{5C7975AE-D120-441F-968E-8150FE4F6C71}.Debug|Any CPU.ActiveCfg = Debug|Any CPU
		{5C7975AE-D120-441F-968E-8150FE4F6C71}.Debug|Any CPU.Build.0 = Debug|Any CPU
		{5C7975AE-D120-441F-968E-8150FE4F6C71}.Release|Any CPU.ActiveCfg = Release|Any CPU
		{5C7975AE-D120-441F-968E-8150FE4F6C71}.Release|Any CPU.Build.0 = Release|Any CPU
	EndGlobalSection
	GlobalSection(SolutionProperties) = preSolution
		HideSolutionNode = FALSE
	EndGlobalSection
	GlobalSection(ExtensibilityGlobals) = postSolution
		SolutionGuid = {602B28DF-4087-4E4E-8344-25EE5AB60425}
	EndGlobalSection
EndGlobal
